
Microsoft Visual Studio Solution File, Format Version 12.00
# Visual Studio 15
VisualStudioVersion = 15.0.28307.271
MinimumVisualStudioVersion = 10.0.40219.1
Project("{9A19103F-16F7-4668-BE54-9A1E7A4F7556}") = "AWSLambda2", "AWSLambda2\AWSLambda2.csproj", "{EA00474F-422D-4B06-8666-FCD9A5AED9DE}"
EndProject
Global
	GlobalSection(SolutionConfigurationPlatforms) = preSolution
		Debug|Any CPU = Debug|Any CPU
		Release|Any CPU = Release|Any CPU
	EndGlobalSection
	GlobalSection(ProjectConfigurationPlatforms) = postSolution
		{EA00474F-422D-4B06-8666-FCD9A5AED9DE}.Debug|Any CPU.ActiveCfg = Debug|Any CPU
		{EA00474F-422D-4B06-8666-FCD9A5AED9DE}.Debug|Any CPU.Build.0 = Debug|Any CPU
		{EA00474F-422D-4B06-8666-FCD9A5AED9DE}.Release|Any CPU.ActiveCfg = Release|Any CPU
		{EA00474F-422D-4B06-8666-FCD9A5AED9DE}.Release|Any CPU.Build.0 = Release|Any CPU
	EndGlobalSection
	GlobalSection(SolutionProperties) = preSolution
		HideSolutionNode = FALSE
	EndGlobalSection
	GlobalSection(ExtensibilityGlobals) = postSolution
		SolutionGuid = {AB1036B7-38B1-49EA-B869-7139E27AEAF9}
	EndGlobalSection
EndGlobal
